# This file is automatically @generated by Poetry 2.1.0 and should not be changed by hand.

[[package]]
name = "colorama"
version = "0.4.6"
description = "Cross-platform colored terminal text."
optional = false
python-versions = "!=3.0.*,!=3.1.*,!=3.2.*,!=3.3.*,!=3.4.*,!=3.5.*,!=3.6.*,>=2.7"
groups = ["dev"]
markers = "sys_platform == \"win32\""
files = [
    {file = "colorama-0.4.6-py2.py3-none-any.whl", hash = "sha256:4f1d9991f5acc0ca119f9d443620b77f9d6b33703e51011c16baf57afb285fc6"},
    {file = "colorama-0.4.6.tar.gz", hash = "sha256:08695f5cb7ed6e0531a20572697297273c47b8cae5a63ffc6d6ed5c201be6e44"},
]

[[package]]
name = "git-filter-repo"
version = "2.47.0"
description = "Quickly rewrite git repository history"
optional = false
python-versions = ">=3.6"
groups = ["main"]
files = [
    {file = "git_filter_repo-2.47.0-py3-none-any.whl", hash = "sha256:2cd04929b9024e83e65db571cbe36aec65ead0cb5f9ec5abe42158654af5ad83"},
    {file = "git_filter_repo-2.47.0.tar.gz", hash = "sha256:411b27e68a080c07a69c233cb526dbc2d848b09a72f10477f4444dd0822cf290"},
]

[[package]]
name = "gitdb"
version = "4.0.12"
description = "Git Object Database"
optional = false
python-versions = ">=3.7"
groups = ["main"]
files = [
    {file = "gitdb-4.0.12-py3-none-any.whl", hash = "sha256:67073e15955400952c6565cc3e707c554a4eea2e428946f7a4c162fab9bd9bcf"},
    {file = "gitdb-4.0.12.tar.gz", hash = "sha256:5ef71f855d191a3326fcfbc0d5da835f26b13fbcba60c32c21091c349ffdb571"},
]

[package.dependencies]
smmap = ">=3.0.1,<6"

[[package]]
name = "gitpython"
version = "3.1.44"
description = "GitPython is a Python library used to interact with Git repositories"
optional = false
python-versions = ">=3.7"
groups = ["main"]
files = [
    {file = "GitPython-3.1.44-py3-none-any.whl", hash = "sha256:9e0e10cda9bed1ee64bc9a6de50e7e38a9c9943241cd7f585f6df3ed28011110"},
    {file = "gitpython-3.1.44.tar.gz", hash = "sha256:c87e30b26253bf5418b01b0660f818967f3c503193838337fe5e573331249269"},
]

[package.dependencies]
gitdb = ">=4.0.1,<5"

[package.extras]
doc = ["sphinx (>=7.1.2,<7.2)", "sphinx-autodoc-typehints", "sphinx_rtd_theme"]
test = ["coverage[toml]", "ddt (>=1.1.1,!=1.4.3)", "mock ; python_version < \"3.8\"", "mypy", "pre-commit", "pytest (>=7.3.1)", "pytest-cov", "pytest-instafail", "pytest-mock", "pytest-sugar", "typing-extensions ; python_version < \"3.11\""]

[[package]]
name = "iniconfig"
version = "2.0.0"
description = "brain-dead simple config-ini parsing"
optional = false
python-versions = ">=3.7"
groups = ["dev"]
files = [
    {file = "iniconfig-2.0.0-py3-none-any.whl", hash = "sha256:b6a85871a79d2e3b22d2d1b94ac2824226a63c6b741c88f7ae975f18b6778374"},
    {file = "iniconfig-2.0.0.tar.gz", hash = "sha256:2d91e135bf72d31a410b17c16da610a82cb55f6b0477d1a902134b24a455b8b3"},
]

[[package]]
name = "packaging"
version = "24.2"
description = "Core utilities for Python packages"
optional = false
python-versions = ">=3.8"
groups = ["dev"]
files = [
    {file = "packaging-24.2-py3-none-any.whl", hash = "sha256:09abb1bccd265c01f4a3aa3f7a7db064b36514d2cba19a2f694fe6150451a759"},
    {file = "packaging-24.2.tar.gz", hash = "sha256:c228a6dc5e932d346bc5739379109d49e8853dd8223571c7c5b55260edc0b97f"},
]

[[package]]
name = "pluggy"
version = "1.5.0"
description = "plugin and hook calling mechanisms for python"
optional = false
python-versions = ">=3.8"
groups = ["dev"]
files = [
    {file = "pluggy-1.5.0-py3-none-any.whl", hash = "sha256:44e1ad92c8ca002de6377e165f3e0f1be63266ab4d554740532335b9d75ea669"},
    {file = "pluggy-1.5.0.tar.gz", hash = "sha256:2cffa88e94fdc978c4c574f15f9e59b7f4201d439195c3715ca9e2486f1d0cf1"},
]

[package.extras]
dev = ["pre-commit", "tox"]
testing = ["pytest", "pytest-benchmark"]

[[package]]
name = "pyinputplus"
version = "0.2.12"
description = "Provides more featureful versions of input() and raw_input()."
optional = false
python-versions = "*"
groups = ["main"]
files = [
    {file = "PyInputPlus-0.2.12.tar.gz", hash = "sha256:3a86b03dc6d003fec7dc627ad175cacaaf6e14a6a3b13b34c8fe6f5d01506231"},
]

[package.dependencies]
pysimplevalidate = ">=0.2.7"
stdiomask = ">=0.0.3"

[[package]]
name = "pysimplevalidate"
version = "0.2.12"
description = "A collection of string-based validation functions, suitable for use in other Python 2 and 3 applications."
optional = false
python-versions = "*"
groups = ["main"]
files = [
    {file = "PySimpleValidate-0.2.12.tar.gz", hash = "sha256:645d24bdca17ad4c40658f3aa0bd5c1aa1688ba0c02ba75c5ed2cb3b8abaaa19"},
]

[[package]]
name = "pytest"
version = "8.3.4"
description = "pytest: simple powerful testing with Python"
optional = false
python-versions = ">=3.8"
groups = ["dev"]
files = [
    {file = "pytest-8.3.4-py3-none-any.whl", hash = "sha256:50e16d954148559c9a74109af1eaf0c945ba2d8f30f0a3d3335edde19788b6f6"},
    {file = "pytest-8.3.4.tar.gz", hash = "sha256:965370d062bce11e73868e0335abac31b4d3de0e82f4007408d242b4f8610761"},
]

[package.dependencies]
colorama = {version = "*", markers = "sys_platform == \"win32\""}
iniconfig = "*"
packaging = "*"
pluggy = ">=1.5,<2"

[package.extras]
dev = ["argcomplete", "attrs (>=19.2)", "hypothesis (>=3.56)", "mock", "pygments (>=2.7.2)", "requests", "setuptools", "xmlschema"]

[[package]]
name = "smmap"
version = "5.0.2"
description = "A pure Python implementation of a sliding window memory map manager"
optional = false
python-versions = ">=3.7"
groups = ["main"]
files = [
    {file = "smmap-5.0.2-py3-none-any.whl", hash = "sha256:b30115f0def7d7531d22a0fb6502488d879e75b260a9db4d0819cfb25403af5e"},
    {file = "smmap-5.0.2.tar.gz", hash = "sha256:26ea65a03958fa0c8a1c7e8c7a58fdc77221b8910f6be2131affade476898ad5"},
]

[[package]]
name = "stdiomask"
version = "0.0.6"
description = "A cross-platform Python module for entering passwords to a stdio terminal and displaying a **** mask, which getpass cannot do."
optional = false
python-versions = "*"
groups = ["main"]
files = [
    {file = "stdiomask-0.0.6.tar.gz", hash = "sha256:c1e47069ead9e10bda150a26f7922ca01d2adc503042a9d7acf64877a2b9a3a6"},
]

[metadata]
lock-version = "2.1"
python-versions = ">=3.13"
content-hash = "edc70a16c0ddacbdc05d4e20cd49d43700bcf2e1b1e127349ce69b1a452542bb"
